// !$*UTF8*$!
{
	archiveVersion = 1;
	classes = {
	};
	objectVersion = 50;
	objects = {

/* Begin PBXBuildFile section */
		4C026D48244B3D8400317E09 /* LICENSE in Resources */ = {isa = PBXBuildFile; fileRef = 4C026D47244B3D8400317E09 /* LICENSE */; };
		4C026D4F244B473F00317E09 /* VShape.swift in Sources */ = {isa = PBXBuildFile; fileRef = 4C026D4E244B473F00317E09 /* VShape.swift */; };
		4C026D51244B478B00317E09 /* Grid.swift in Sources */ = {isa = PBXBuildFile; fileRef = 4C026D50244B478B00317E09 /* Grid.swift */; };
		4C026D53244B47BD00317E09 /* Sigmoid.swift in Sources */ = {isa = PBXBuildFile; fileRef = 4C026D52244B47BD00317E09 /* Sigmoid.swift */; };
		4C026D56244B482B00317E09 /* Labels.swift in Sources */ = {isa = PBXBuildFile; fileRef = 4C026D55244B482B00317E09 /* Labels.swift */; };
		4C026D58244B486A00317E09 /* SigmoidView.swift in Sources */ = {isa = PBXBuildFile; fileRef = 4C026D57244B486A00317E09 /* SigmoidView.swift */; };
		4CDBC5A6244A2C92002F1A8D /* AppDelegate.swift in Sources */ = {isa = PBXBuildFile; fileRef = 4CDBC5A5244A2C92002F1A8D /* AppDelegate.swift */; };
		4CDBC5A8244A2C92002F1A8D /* SceneDelegate.swift in Sources */ = {isa = PBXBuildFile; fileRef = 4CDBC5A7244A2C92002F1A8D /* SceneDelegate.swift */; };
		4CDBC5AA244A2C92002F1A8D /* ContentView.swift in Sources */ = {isa = PBXBuildFile; fileRef = 4CDBC5A9244A2C92002F1A8D /* ContentView.swift */; };
		4CDBC5AF244A2C98002F1A8D /* Preview Assets.xcassets in Resources */ = {isa = PBXBuildFile; fileRef = 4CDBC5AE244A2C98002F1A8D /* Preview Assets.xcassets */; };
		4CDBC5B2244A2C98002F1A8D /* LaunchScreen.storyboard in Resources */ = {isa = PBXBuildFile; fileRef = 4CDBC5B0244A2C98002F1A8D /* LaunchScreen.storyboard */; };
		4CDBC5BD244A2C98002F1A8D /* SigmoidPlaygroundTests.swift in Sources */ = {isa = PBXBuildFile; fileRef = 4CDBC5BC244A2C98002F1A8D /* SigmoidPlaygroundTests.swift */; };
		4CDBC5C8244A2C98002F1A8D /* SigmoidPlaygroundUITests.swift in Sources */ = {isa = PBXBuildFile; fileRef = 4CDBC5C7244A2C98002F1A8D /* SigmoidPlaygroundUITests.swift */; };
		4CF7697D245A54F300589015 /* Assets.xcassets in Resources */ = {isa = PBXBuildFile; fileRef = 4CF7697C245A54F300589015 /* Assets.xcassets */; };
/* End PBXBuildFile section */

/* Begin PBXContainerItemProxy section */
		4CDBC5B9244A2C98002F1A8D /* PBXContainerItemProxy */ = {
			isa = PBXContainerItemProxy;
			containerPortal = 4CDBC59A244A2C92002F1A8D /* Project object */;
			proxyType = 1;
			remoteGlobalIDString = 4CDBC5A1244A2C92002F1A8D;
			remoteInfo = SigmoidPlayground;
		};
		4CDBC5C4244A2C98002F1A8D /* PBXContainerItemProxy */ = {
			isa = PBXContainerItemProxy;
			containerPortal = 4CDBC59A244A2C92002F1A8D /* Project object */;
			proxyType = 1;
			remoteGlobalIDString = 4CDBC5A1244A2C92002F1A8D;
			remoteInfo = SigmoidPlayground;
		};
/* End PBXContainerItemProxy section */

/* Begin PBXFileReference section */
		4C026D47244B3D8400317E09 /* LICENSE */ = {isa = PBXFileReference; lastKnownFileType = text; path = LICENSE; sourceTree = "<group>"; };
		4C026D49244B3E3300317E09 /* README.md */ = {isa = PBXFileReference; lastKnownFileType = net.daringfireball.markdown; path = README.md; sourceTree = "<group>"; };
		4C026D4E244B473F00317E09 /* VShape.swift */ = {isa = PBXFileReference; lastKnownFileType = sourcecode.swift; path = VShape.swift; sourceTree = "<group>"; };
		4C026D50244B478B00317E09 /* Grid.swift */ = {isa = PBXFileReference; lastKnownFileType = sourcecode.swift; path = Grid.swift; sourceTree = "<group>"; };
		4C026D52244B47BD00317E09 /* Sigmoid.swift */ = {isa = PBXFileReference; lastKnownFileType = sourcecode.swift; path = Sigmoid.swift; sourceTree = "<group>"; };
		4C026D55244B482B00317E09 /* Labels.swift */ = {isa = PBXFileReference; lastKnownFileType = sourcecode.swift; path = Labels.swift; sourceTree = "<group>"; };
		4C026D57244B486A00317E09 /* SigmoidView.swift */ = {isa = PBXFileReference; lastKnownFileType = sourcecode.swift; path = SigmoidView.swift; sourceTree = "<group>"; };
		4CDBC5A2244A2C92002F1A8D /* Sigmoid Playground.app */ = {isa = PBXFileReference; explicitFileType = wrapper.application; includeInIndex = 0; path = "Sigmoid Playground.app"; sourceTree = BUILT_PRODUCTS_DIR; };
		4CDBC5A5244A2C92002F1A8D /* AppDelegate.swift */ = {isa = PBXFileReference; lastKnownFileType = sourcecode.swift; path = AppDelegate.swift; sourceTree = "<group>"; };
		4CDBC5A7244A2C92002F1A8D /* SceneDelegate.swift */ = {isa = PBXFileReference; lastKnownFileType = sourcecode.swift; path = SceneDelegate.swift; sourceTree = "<group>"; };
		4CDBC5A9244A2C92002F1A8D /* ContentView.swift */ = {isa = PBXFileReference; lastKnownFileType = sourcecode.swift; path = ContentView.swift; sourceTree = "<group>"; };
		4CDBC5AE244A2C98002F1A8D /* Preview Assets.xcassets */ = {isa = PBXFileReference; lastKnownFileType = folder.assetcatalog; path = "Preview Assets.xcassets"; sourceTree = "<group>"; };
		4CDBC5B1244A2C98002F1A8D /* Base */ = {isa = PBXFileReference; lastKnownFileType = file.storyboard; name = Base; path = Base.lproj/LaunchScreen.storyboard; sourceTree = "<group>"; };
		4CDBC5B3244A2C98002F1A8D /* Info.plist */ = {isa = PBXFileReference; lastKnownFileType = text.plist.xml; path = Info.plist; sourceTree = "<group>"; };
		4CDBC5B8244A2C98002F1A8D /* SigmoidPlaygroundTests.xctest */ = {isa = PBXFileReference; explicitFileType = wrapper.cfbundle; includeInIndex = 0; path = SigmoidPlaygroundTests.xctest; sourceTree = BUILT_PRODUCTS_DIR; };
		4CDBC5BC244A2C98002F1A8D /* SigmoidPlaygroundTests.swift */ = {isa = PBXFileReference; lastKnownFileType = sourcecode.swift; path = SigmoidPlaygroundTests.swift; sourceTree = "<group>"; };
		4CDBC5BE244A2C98002F1A8D /* Info.plist */ = {isa = PBXFileReference; lastKnownFileType = text.plist.xml; path = Info.plist; sourceTree = "<group>"; };
		4CDBC5C3244A2C98002F1A8D /* SigmoidPlaygroundUITests.xctest */ = {isa = PBXFileReference; explicitFileType = wrapper.cfbundle; includeInIndex = 0; path = SigmoidPlaygroundUITests.xctest; sourceTree = BUILT_PRODUCTS_DIR; };
		4CDBC5C7244A2C98002F1A8D /* SigmoidPlaygroundUITests.swift */ = {isa = PBXFileReference; lastKnownFileType = sourcecode.swift; path = SigmoidPlaygroundUITests.swift; sourceTree = "<group>"; };
		4CDBC5C9244A2C98002F1A8D /* Info.plist */ = {isa = PBXFileReference; lastKnownFileType = text.plist.xml; path = Info.plist; sourceTree = "<group>"; };
		4CDBC5D5244A4C02002F1A8D /* SigmoidPlayground.entitlements */ = {isa = PBXFileReference; lastKnownFileType = text.plist.entitlements; path = SigmoidPlayground.entitlements; sourceTree = "<group>"; };
		4CF7697C245A54F300589015 /* Assets.xcassets */ = {isa = PBXFileReference; lastKnownFileType = folder.assetcatalog; path = Assets.xcassets; sourceTree = "<group>"; };
/* End PBXFileReference section */

/* Begin PBXFrameworksBuildPhase section */
		4CDBC59F244A2C92002F1A8D /* Frameworks */ = {
			isa = PBXFrameworksBuildPhase;
			buildActionMask = 2147483647;
			files = (
			);
			runOnlyForDeploymentPostprocessing = 0;
		};
		4CDBC5B5244A2C98002F1A8D /* Frameworks */ = {
			isa = PBXFrameworksBuildPhase;
			buildActionMask = 2147483647;
			files = (
			);
			runOnlyForDeploymentPostprocessing = 0;
		};
		4CDBC5C0244A2C98002F1A8D /* Frameworks */ = {
			isa = PBXFrameworksBuildPhase;
			buildActionMask = 2147483647;
			files = (
			);
			runOnlyForDeploymentPostprocessing = 0;
		};
/* End PBXFrameworksBuildPhase section */

/* Begin PBXGroup section */
		4C026D4A244B462600317E09 /* Application */ = {
			isa = PBXGroup;
			children = (
				4CDBC5A5244A2C92002F1A8D /* AppDelegate.swift */,
				4CDBC5A7244A2C92002F1A8D /* SceneDelegate.swift */,
			);
			path = Application;
			sourceTree = "<group>";
		};
		4C026D4B244B463B00317E09 /* UI */ = {
			isa = PBXGroup;
			children = (
				4C026D54244B480E00317E09 /* Components */,
				4C026D4D244B472700317E09 /* Shapes */,
				4CDBC5A9244A2C92002F1A8D /* ContentView.swift */,
			);
			path = UI;
			sourceTree = "<group>";
		};
		4C026D4C244B464900317E09 /* Resources */ = {
			isa = PBXGroup;
			children = (
				4CF7697C245A54F300589015 /* Assets.xcassets */,
				4CDBC5B0244A2C98002F1A8D /* LaunchScreen.storyboard */,
				4CDBC5B3244A2C98002F1A8D /* Info.plist */,
				4CDBC5AD244A2C98002F1A8D /* Preview Content */,
			);
			path = Resources;
			sourceTree = "<group>";
		};
		4C026D4D244B472700317E09 /* Shapes */ = {
			isa = PBXGroup;
			children = (
				4C026D4E244B473F00317E09 /* VShape.swift */,
				4C026D50244B478B00317E09 /* Grid.swift */,
				4C026D52244B47BD00317E09 /* Sigmoid.swift */,
			);
			path = Shapes;
			sourceTree = "<group>";
		};
		4C026D54244B480E00317E09 /* Components */ = {
			isa = PBXGroup;
			children = (
				4C026D55244B482B00317E09 /* Labels.swift */,
				4C026D57244B486A00317E09 /* SigmoidView.swift */,
			);
			path = Components;
			sourceTree = "<group>";
		};
		4CDBC599244A2C92002F1A8D = {
			isa = PBXGroup;
			children = (
				4C026D49244B3E3300317E09 /* README.md */,
				4C026D47244B3D8400317E09 /* LICENSE */,
				4CDBC5A4244A2C92002F1A8D /* SigmoidPlayground */,
				4CDBC5BB244A2C98002F1A8D /* SigmoidPlaygroundTests */,
				4CDBC5C6244A2C98002F1A8D /* SigmoidPlaygroundUITests */,
				4CDBC5A3244A2C92002F1A8D /* Products */,
			);
			sourceTree = "<group>";
		};
		4CDBC5A3244A2C92002F1A8D /* Products */ = {
			isa = PBXGroup;
			children = (
				4CDBC5A2244A2C92002F1A8D /* Sigmoid Playground.app */,
				4CDBC5B8244A2C98002F1A8D /* SigmoidPlaygroundTests.xctest */,
				4CDBC5C3244A2C98002F1A8D /* SigmoidPlaygroundUITests.xctest */,
			);
			name = Products;
			sourceTree = "<group>";
		};
		4CDBC5A4244A2C92002F1A8D /* SigmoidPlayground */ = {
			isa = PBXGroup;
			children = (
				4CDBC5D5244A4C02002F1A8D /* SigmoidPlayground.entitlements */,
				4C026D4B244B463B00317E09 /* UI */,
				4C026D4A244B462600317E09 /* Application */,
				4C026D4C244B464900317E09 /* Resources */,
			);
			path = SigmoidPlayground;
			sourceTree = "<group>";
		};
		4CDBC5AD244A2C98002F1A8D /* Preview Content */ = {
			isa = PBXGroup;
			children = (
				4CDBC5AE244A2C98002F1A8D /* Preview Assets.xcassets */,
			);
			path = "Preview Content";
			sourceTree = "<group>";
		};
		4CDBC5BB244A2C98002F1A8D /* SigmoidPlaygroundTests */ = {
			isa = PBXGroup;
			children = (
				4CDBC5BC244A2C98002F1A8D /* SigmoidPlaygroundTests.swift */,
				4CDBC5BE244A2C98002F1A8D /* Info.plist */,
			);
			path = SigmoidPlaygroundTests;
			sourceTree = "<group>";
		};
		4CDBC5C6244A2C98002F1A8D /* SigmoidPlaygroundUITests */ = {
			isa = PBXGroup;
			children = (
				4CDBC5C7244A2C98002F1A8D /* SigmoidPlaygroundUITests.swift */,
				4CDBC5C9244A2C98002F1A8D /* Info.plist */,
			);
			path = SigmoidPlaygroundUITests;
			sourceTree = "<group>";
		};
/* End PBXGroup section */

/* Begin PBXNativeTarget section */
		4CDBC5A1244A2C92002F1A8D /* SigmoidPlayground */ = {
			isa = PBXNativeTarget;
			buildConfigurationList = 4CDBC5CC244A2C98002F1A8D /* Build configuration list for PBXNativeTarget "SigmoidPlayground" */;
			buildPhases = (
				4CDBC59E244A2C92002F1A8D /* Sources */,
				4CDBC59F244A2C92002F1A8D /* Frameworks */,
				4CDBC5A0244A2C92002F1A8D /* Resources */,
			);
			buildRules = (
			);
			dependencies = (
			);
			name = SigmoidPlayground;
			productName = SigmoidPlayground;
			productReference = 4CDBC5A2244A2C92002F1A8D /* Sigmoid Playground.app */;
			productType = "com.apple.product-type.application";
		};
		4CDBC5B7244A2C98002F1A8D /* SigmoidPlaygroundTests */ = {
			isa = PBXNativeTarget;
			buildConfigurationList = 4CDBC5CF244A2C98002F1A8D /* Build configuration list for PBXNativeTarget "SigmoidPlaygroundTests" */;
			buildPhases = (
				4CDBC5B4244A2C98002F1A8D /* Sources */,
				4CDBC5B5244A2C98002F1A8D /* Frameworks */,
				4CDBC5B6244A2C98002F1A8D /* Resources */,
			);
			buildRules = (
			);
			dependencies = (
				4CDBC5BA244A2C98002F1A8D /* PBXTargetDependency */,
			);
			name = SigmoidPlaygroundTests;
			productName = SigmoidPlaygroundTests;
			productReference = 4CDBC5B8244A2C98002F1A8D /* SigmoidPlaygroundTests.xctest */;
			productType = "com.apple.product-type.bundle.unit-test";
		};
		4CDBC5C2244A2C98002F1A8D /* SigmoidPlaygroundUITests */ = {
			isa = PBXNativeTarget;
			buildConfigurationList = 4CDBC5D2244A2C98002F1A8D /* Build configuration list for PBXNativeTarget "SigmoidPlaygroundUITests" */;
			buildPhases = (
				4CDBC5BF244A2C98002F1A8D /* Sources */,
				4CDBC5C0244A2C98002F1A8D /* Frameworks */,
				4CDBC5C1244A2C98002F1A8D /* Resources */,
			);
			buildRules = (
			);
			dependencies = (
				4CDBC5C5244A2C98002F1A8D /* PBXTargetDependency */,
			);
			name = SigmoidPlaygroundUITests;
			productName = SigmoidPlaygroundUITests;
			productReference = 4CDBC5C3244A2C98002F1A8D /* SigmoidPlaygroundUITests.xctest */;
			productType = "com.apple.product-type.bundle.ui-testing";
		};
/* End PBXNativeTarget section */

/* Begin PBXProject section */
		4CDBC59A244A2C92002F1A8D /* Project object */ = {
			isa = PBXProject;
			attributes = {
				LastSwiftUpdateCheck = 1140;
				LastUpgradeCheck = 1140;
				ORGANIZATIONNAME = "Michael Housh";
				TargetAttributes = {
					4CDBC5A1244A2C92002F1A8D = {
						CreatedOnToolsVersion = 11.4.1;
					};
					4CDBC5B7244A2C98002F1A8D = {
						CreatedOnToolsVersion = 11.4.1;
						TestTargetID = 4CDBC5A1244A2C92002F1A8D;
					};
					4CDBC5C2244A2C98002F1A8D = {
						CreatedOnToolsVersion = 11.4.1;
						TestTargetID = 4CDBC5A1244A2C92002F1A8D;
					};
				};
			};
			buildConfigurationList = 4CDBC59D244A2C92002F1A8D /* Build configuration list for PBXProject "SigmoidPlayground" */;
			compatibilityVersion = "Xcode 9.3";
			developmentRegion = en;
			hasScannedForEncodings = 0;
			knownRegions = (
				en,
				Base,
			);
			mainGroup = 4CDBC599244A2C92002F1A8D;
			productRefGroup = 4CDBC5A3244A2C92002F1A8D /* Products */;
			projectDirPath = "";
			projectRoot = "";
			targets = (
				4CDBC5A1244A2C92002F1A8D /* SigmoidPlayground */,
				4CDBC5B7244A2C98002F1A8D /* SigmoidPlaygroundTests */,
				4CDBC5C2244A2C98002F1A8D /* SigmoidPlaygroundUITests */,
			);
		};
/* End PBXProject section */

/* Begin PBXResourcesBuildPhase section */
		4CDBC5A0244A2C92002F1A8D /* Resources */ = {
			isa = PBXResourcesBuildPhase;
			buildActionMask = 2147483647;
			files = (
				4CDBC5B2244A2C98002F1A8D /* LaunchScreen.storyboard in Resources */,
				4CDBC5AF244A2C98002F1A8D /* Preview Assets.xcassets in Resources */,
				4CF7697D245A54F300589015 /* Assets.xcassets in Resources */,
				4C026D48244B3D8400317E09 /* LICENSE in Resources */,
			);
			runOnlyForDeploymentPostprocessing = 0;
		};
		4CDBC5B6244A2C98002F1A8D /* Resources */ = {
			isa = PBXResourcesBuildPhase;
			buildActionMask = 2147483647;
			files = (
			);
			runOnlyForDeploymentPostprocessing = 0;
		};
		4CDBC5C1244A2C98002F1A8D /* Resources */ = {
			isa = PBXResourcesBuildPhase;
			buildActionMask = 2147483647;
			files = (
			);
			runOnlyForDeploymentPostprocessing = 0;
		};
/* End PBXResourcesBuildPhase section */

/* Begin PBXSourcesBuildPhase section */
		4CDBC59E244A2C92002F1A8D /* Sources */ = {
			isa = PBXSourcesBuildPhase;
			buildActionMask = 2147483647;
			files = (
				4CDBC5A6244A2C92002F1A8D /* AppDelegate.swift in Sources */,
				4CDBC5A8244A2C92002F1A8D /* SceneDelegate.swift in Sources */,
				4C026D4F244B473F00317E09 /* VShape.swift in Sources */,
				4C026D58244B486A00317E09 /* SigmoidView.swift in Sources */,
				4C026D56244B482B00317E09 /* Labels.swift in Sources */,
				4C026D51244B478B00317E09 /* Grid.swift in Sources */,
				4C026D53244B47BD00317E09 /* Sigmoid.swift in Sources */,
				4CDBC5AA244A2C92002F1A8D /* ContentView.swift in Sources */,
			);
			runOnlyForDeploymentPostprocessing = 0;
		};
		4CDBC5B4244A2C98002F1A8D /* Sources */ = {
			isa = PBXSourcesBuildPhase;
			buildActionMask = 2147483647;
			files = (
				4CDBC5BD244A2C98002F1A8D /* SigmoidPlaygroundTests.swift in Sources */,
			);
			runOnlyForDeploymentPostprocessing = 0;
		};
		4CDBC5BF244A2C98002F1A8D /* Sources */ = {
			isa = PBXSourcesBuildPhase;
			buildActionMask = 2147483647;
			files = (
				4CDBC5C8244A2C98002F1A8D /* SigmoidPlaygroundUITests.swift in Sources */,
			);
			runOnlyForDeploymentPostprocessing = 0;
		};
/* End PBXSourcesBuildPhase section */

/* Begin PBXTargetDependency section */
		4CDBC5BA244A2C98002F1A8D /* PBXTargetDependency */ = {
			isa = PBXTargetDependency;
			target = 4CDBC5A1244A2C92002F1A8D /* SigmoidPlayground */;
			targetProxy = 4CDBC5B9244A2C98002F1A8D /* PBXContainerItemProxy */;
		};
		4CDBC5C5244A2C98002F1A8D /* PBXTargetDependency */ = {
			isa = PBXTargetDependency;
			target = 4CDBC5A1244A2C92002F1A8D /* SigmoidPlayground */;
			targetProxy = 4CDBC5C4244A2C98002F1A8D /* PBXContainerItemProxy */;
		};
/* End PBXTargetDependency section */

/* Begin PBXVariantGroup section */
		4CDBC5B0244A2C98002F1A8D /* LaunchScreen.storyboard */ = {
			isa = PBXVariantGroup;
			children = (
				4CDBC5B1244A2C98002F1A8D /* Base */,
			);
			name = LaunchScreen.storyboard;
			sourceTree = "<group>";
		};
/* End PBXVariantGroup section */

/* Begin XCBuildConfiguration section */
		4CDBC5CA244A2C98002F1A8D /* Debug */ = {
			isa = XCBuildConfiguration;
			buildSettings = {
				ALWAYS_SEARCH_USER_PATHS = NO;
				CLANG_ANALYZER_NONNULL = YES;
				CLANG_ANALYZER_NUMBER_OBJECT_CONVERSION = YES_AGGRESSIVE;
				CLANG_CXX_LANGUAGE_STANDARD = "gnu++14";
				CLANG_CXX_LIBRARY = "libc++";
				CLANG_ENABLE_MODULES = YES;
				CLANG_ENABLE_OBJC_ARC = YES;
				CLANG_ENABLE_OBJC_WEAK = YES;
				CLANG_WARN_BLOCK_CAPTURE_AUTORELEASING = YES;
				CLANG_WARN_BOOL_CONVERSION = YES;
				CLANG_WARN_COMMA = YES;
				CLANG_WARN_CONSTANT_CONVERSION = YES;
				CLANG_WARN_DEPRECATED_OBJC_IMPLEMENTATIONS = YES;
				CLANG_WARN_DIRECT_OBJC_ISA_USAGE = YES_ERROR;
				CLANG_WARN_DOCUMENTATION_COMMENTS = YES;
				CLANG_WARN_EMPTY_BODY = YES;
				CLANG_WARN_ENUM_CONVERSION = YES;
				CLANG_WARN_INFINITE_RECURSION = YES;
				CLANG_WARN_INT_CONVERSION = YES;
				CLANG_WARN_NON_LITERAL_NULL_CONVERSION = YES;
				CLANG_WARN_OBJC_IMPLICIT_RETAIN_SELF = YES;
				CLANG_WARN_OBJC_LITERAL_CONVERSION = YES;
				CLANG_WARN_OBJC_ROOT_CLASS = YES_ERROR;
				CLANG_WARN_RANGE_LOOP_ANALYSIS = YES;
				CLANG_WARN_STRICT_PROTOTYPES = YES;
				CLANG_WARN_SUSPICIOUS_MOVE = YES;
				CLANG_WARN_UNGUARDED_AVAILABILITY = YES_AGGRESSIVE;
				CLANG_WARN_UNREACHABLE_CODE = YES;
				CLANG_WARN__DUPLICATE_METHOD_MATCH = YES;
				COPY_PHASE_STRIP = NO;
				DEBUG_INFORMATION_FORMAT = dwarf;
				ENABLE_STRICT_OBJC_MSGSEND = YES;
				ENABLE_TESTABILITY = YES;
				GCC_C_LANGUAGE_STANDARD = gnu11;
				GCC_DYNAMIC_NO_PIC = NO;
				GCC_NO_COMMON_BLOCKS = YES;
				GCC_OPTIMIZATION_LEVEL = 0;
				GCC_PREPROCESSOR_DEFINITIONS = (
					"DEBUG=1",
					"$(inherited)",
				);
				GCC_WARN_64_TO_32_BIT_CONVERSION = YES;
				GCC_WARN_ABOUT_RETURN_TYPE = YES_ERROR;
				GCC_WARN_UNDECLARED_SELECTOR = YES;
				GCC_WARN_UNINITIALIZED_AUTOS = YES_AGGRESSIVE;
				GCC_WARN_UNUSED_FUNCTION = YES;
				GCC_WARN_UNUSED_VARIABLE = YES;
				IPHONEOS_DEPLOYMENT_TARGET = 13.4;
				MTL_ENABLE_DEBUG_INFO = INCLUDE_SOURCE;
				MTL_FAST_MATH = YES;
				ONLY_ACTIVE_ARCH = YES;
				SDKROOT = iphoneos;
				SWIFT_ACTIVE_COMPILATION_CONDITIONS = DEBUG;
				SWIFT_OPTIMIZATION_LEVEL = "-Onone";
			};
			name = Debug;
		};
		4CDBC5CB244A2C98002F1A8D /* Release */ = {
			isa = XCBuildConfiguration;
			buildSettings = {
				ALWAYS_SEARCH_USER_PATHS = NO;
				CLANG_ANALYZER_NONNULL = YES;
				CLANG_ANALYZER_NUMBER_OBJECT_CONVERSION = YES_AGGRESSIVE;
				CLANG_CXX_LANGUAGE_STANDARD = "gnu++14";
				CLANG_CXX_LIBRARY = "libc++";
				CLANG_ENABLE_MODULES = YES;
				CLANG_ENABLE_OBJC_ARC = YES;
				CLANG_ENABLE_OBJC_WEAK = YES;
				CLANG_WARN_BLOCK_CAPTURE_AUTORELEASING = YES;
				CLANG_WARN_BOOL_CONVERSION = YES;
				CLANG_WARN_COMMA = YES;
				CLANG_WARN_CONSTANT_CONVERSION = YES;
				CLANG_WARN_DEPRECATED_OBJC_IMPLEMENTATIONS = YES;
				CLANG_WARN_DIRECT_OBJC_ISA_USAGE = YES_ERROR;
				CLANG_WARN_DOCUMENTATION_COMMENTS = YES;
				CLANG_WARN_EMPTY_BODY = YES;
				CLANG_WARN_ENUM_CONVERSION = YES;
				CLANG_WARN_INFINITE_RECURSION = YES;
				CLANG_WARN_INT_CONVERSION = YES;
				CLANG_WARN_NON_LITERAL_NULL_CONVERSION = YES;
				CLANG_WARN_OBJC_IMPLICIT_RETAIN_SELF = YES;
				CLANG_WARN_OBJC_LITERAL_CONVERSION = YES;
				CLANG_WARN_OBJC_ROOT_CLASS = YES_ERROR;
				CLANG_WARN_RANGE_LOOP_ANALYSIS = YES;
				CLANG_WARN_STRICT_PROTOTYPES = YES;
				CLANG_WARN_SUSPICIOUS_MOVE = YES;
				CLANG_WARN_UNGUARDED_AVAILABILITY = YES_AGGRESSIVE;
				CLANG_WARN_UNREACHABLE_CODE = YES;
				CLANG_WARN__DUPLICATE_METHOD_MATCH = YES;
				COPY_PHASE_STRIP = NO;
				DEBUG_INFORMATION_FORMAT = "dwarf-with-dsym";
				ENABLE_NS_ASSERTIONS = NO;
				ENABLE_STRICT_OBJC_MSGSEND = YES;
				GCC_C_LANGUAGE_STANDARD = gnu11;
				GCC_NO_COMMON_BLOCKS = YES;
				GCC_WARN_64_TO_32_BIT_CONVERSION = YES;
				GCC_WARN_ABOUT_RETURN_TYPE = YES_ERROR;
				GCC_WARN_UNDECLARED_SELECTOR = YES;
				GCC_WARN_UNINITIALIZED_AUTOS = YES_AGGRESSIVE;
				GCC_WARN_UNUSED_FUNCTION = YES;
				GCC_WARN_UNUSED_VARIABLE = YES;
				IPHONEOS_DEPLOYMENT_TARGET = 13.4;
				MTL_ENABLE_DEBUG_INFO = NO;
				MTL_FAST_MATH = YES;
				SDKROOT = iphoneos;
				SWIFT_COMPILATION_MODE = wholemodule;
				SWIFT_OPTIMIZATION_LEVEL = "-O";
				VALIDATE_PRODUCT = YES;
			};
			name = Release;
		};
		4CDBC5CD244A2C98002F1A8D /* Debug */ = {
			isa = XCBuildConfiguration;
			buildSettings = {
				ASSETCATALOG_COMPILER_APPICON_NAME = AppIcon;
				CODE_SIGN_ENTITLEMENTS = SigmoidPlayground/SigmoidPlayground.entitlements;
				CODE_SIGN_STYLE = Automatic;
				DEVELOPMENT_ASSET_PATHS = "\"SigmoidPlayground/Resources/Preview Content\"";
				DEVELOPMENT_TEAM = NW4LF639GD;
				ENABLE_PREVIEWS = YES;
				INFOPLIST_FILE = SigmoidPlayground/Resources/Info.plist;
				LD_RUNPATH_SEARCH_PATHS = (
					"$(inherited)",
					"@executable_path/Frameworks",
				);
				MARKETING_VERSION = 0.1.0;
				PRODUCT_BUNDLE_IDENTIFIER = com.hhe.SigmoidPlayground;
				PRODUCT_NAME = "Sigmoid Playground";
				SUPPORTS_MACCATALYST = YES;
				SWIFT_VERSION = 5.0;
				TARGETED_DEVICE_FAMILY = "1,2";
			};
			name = Debug;
		};
		4CDBC5CE244A2C98002F1A8D /* Release */ = {
			isa = XCBuildConfiguration;
			buildSettings = {
				ASSETCATALOG_COMPILER_APPICON_NAME = AppIcon;
				CODE_SIGN_ENTITLEMENTS = SigmoidPlayground/SigmoidPlayground.entitlements;
				CODE_SIGN_STYLE = Automatic;
				DEVELOPMENT_ASSET_PATHS = "\"SigmoidPlayground/Resources/Preview Content\"";
				DEVELOPMENT_TEAM = NW4LF639GD;
				ENABLE_PREVIEWS = YES;
				INFOPLIST_FILE = SigmoidPlayground/Resources/Info.plist;
				LD_RUNPATH_SEARCH_PATHS = (
					"$(inherited)",
					"@executable_path/Frameworks",
				);
				MARKETING_VERSION = 0.1.0;
				PRODUCT_BUNDLE_IDENTIFIER = com.hhe.SigmoidPlayground;
				PRODUCT_NAME = "Sigmoid Playground";
				SUPPORTS_MACCATALYST = YES;
				SWIFT_VERSION = 5.0;
				TARGETED_DEVICE_FAMILY = "1,2";
			};
			name = Release;
		};
		4CDBC5D0244A2C98002F1A8D /* Debug */ = {
			isa = XCBuildConfiguration;
			buildSettings = {
				ALWAYS_EMBED_SWIFT_STANDARD_LIBRARIES = YES;
				BUNDLE_LOADER = "$(TEST_HOST)";
				CODE_SIGN_STYLE = Automatic;
				DEVELOPMENT_TEAM = NW4LF639GD;
				INFOPLIST_FILE = SigmoidPlaygroundTests/Info.plist;
				IPHONEOS_DEPLOYMENT_TARGET = 13.4;
				LD_RUNPATH_SEARCH_PATHS = (
					"$(inherited)",
					"@executable_path/Frameworks",
					"@loader_path/Frameworks",
				);
				PRODUCT_BUNDLE_IDENTIFIER = com.hhe.SigmoidPlaygroundTests;
				PRODUCT_NAME = "$(TARGET_NAME)";
				SWIFT_VERSION = 5.0;
				TARGETED_DEVICE_FAMILY = "1,2";
				TEST_HOST = "$(BUILT_PRODUCTS_DIR)/SigmoidPlayground.app/SigmoidPlayground";
			};
			name = Debug;
		};
		4CDBC5D1244A2C98002F1A8D /* Release */ = {
			isa = XCBuildConfiguration;
			buildSettings = {
				ALWAYS_EMBED_SWIFT_STANDARD_LIBRARIES = YES;
				BUNDLE_LOADER = "$(TEST_HOST)";
				CODE_SIGN_STYLE = Automatic;
				DEVELOPMENT_TEAM = NW4LF639GD;
				INFOPLIST_FILE = SigmoidPlaygroundTests/Info.plist;
				IPHONEOS_DEPLOYMENT_TARGET = 13.4;
				LD_RUNPATH_SEARCH_PATHS = (
					"$(inherited)",
					"@executable_path/Frameworks",
					"@loader_path/Frameworks",
				);
				PRODUCT_BUNDLE_IDENTIFIER = com.hhe.SigmoidPlaygroundTests;
				PRODUCT_NAME = "$(TARGET_NAME)";
				SWIFT_VERSION = 5.0;
				TARGETED_DEVICE_FAMILY = "1,2";
				TEST_HOST = "$(BUILT_PRODUCTS_DIR)/SigmoidPlayground.app/SigmoidPlayground";
			};
			name = Release;
		};
		4CDBC5D3244A2C98002F1A8D /* Debug */ = {
			isa = XCBuildConfiguration;
			buildSettings = {
				ALWAYS_EMBED_SWIFT_STANDARD_LIBRARIES = YES;
				CODE_SIGN_STYLE = Automatic;
				DEVELOPMENT_TEAM = NW4LF639GD;
				INFOPLIST_FILE = SigmoidPlaygroundUITests/Info.plist;
				LD_RUNPATH_SEARCH_PATHS = (
					"$(inherited)",
					"@executable_path/Frameworks",
					"@loader_path/Frameworks",
				);
				PRODUCT_BUNDLE_IDENTIFIER = com.hhe.SigmoidPlaygroundUITests;
				PRODUCT_NAME = "$(TARGET_NAME)";
				SWIFT_VERSION = 5.0;
				TARGETED_DEVICE_FAMILY = "1,2";
				TEST_TARGET_NAME = SigmoidPlayground;
			};
			name = Debug;
		};
		4CDBC5D4244A2C98002F1A8D /* Release */ = {
			isa = XCBuildConfiguration;
			buildSettings = {
				ALWAYS_EMBED_SWIFT_STANDARD_LIBRARIES = YES;
				CODE_SIGN_STYLE = Automatic;
				DEVELOPMENT_TEAM = NW4LF639GD;
				INFOPLIST_FILE = SigmoidPlaygroundUITests/Info.plist;
				LD_RUNPATH_SEARCH_PATHS = (
					"$(inherited)",
					"@executable_path/Frameworks",
					"@loader_path/Frameworks",
				);
				PRODUCT_BUNDLE_IDENTIFIER = com.hhe.SigmoidPlaygroundUITests;
				PRODUCT_NAME = "$(TARGET_NAME)";
				SWIFT_VERSION = 5.0;
				TARGETED_DEVICE_FAMILY = "1,2";
				TEST_TARGET_NAME = SigmoidPlayground;
			};
			name = Release;
		};
/* End XCBuildConfiguration section */

/* Begin XCConfigurationList section */
		4CDBC59D244A2C92002F1A8D /* Build configuration list for PBXProject "SigmoidPlayground" */ = {
			isa = XCConfigurationList;
			buildConfigurations = (
				4CDBC5CA244A2C98002F1A8D /* Debug */,
				4CDBC5CB244A2C98002F1A8D /* Release */,
			);
			defaultConfigurationIsVisible = 0;
			defaultConfigurationName = Release;
		};
		4CDBC5CC244A2C98002F1A8D /* Build configuration list for PBXNativeTarget "SigmoidPlayground" */ = {
			isa = XCConfigurationList;
			buildConfigurations = (
				4CDBC5CD244A2C98002F1A8D /* Debug */,
				4CDBC5CE244A2C98002F1A8D /* Release */,
			);
			defaultConfigurationIsVisible = 0;
			defaultConfigurationName = Release;
		};
		4CDBC5CF244A2C98002F1A8D /* Build configuration list for PBXNativeTarget "SigmoidPlaygroundTests" */ = {
			isa = XCConfigurationList;
			buildConfigurations = (
				4CDBC5D0244A2C98002F1A8D /* Debug */,
				4CDBC5D1244A2C98002F1A8D /* Release */,
			);
			defaultConfigurationIsVisible = 0;
			defaultConfigurationName = Release;
		};
		4CDBC5D2244A2C98002F1A8D /* Build configuration list for PBXNativeTarget "SigmoidPlaygroundUITests" */ = {
			isa = XCConfigurationList;
			buildConfigurations = (
				4CDBC5D3244A2C98002F1A8D /* Debug */,
				4CDBC5D4244A2C98002F1A8D /* Release */,
			);
			defaultConfigurationIsVisible = 0;
			defaultConfigurationName = Release;
		};
/* End XCConfigurationList section */
	};
	rootObject = 4CDBC59A244A2C92002F1A8D /* Project object */;
}
